[root]
name = "mfte"
version = "0.1.0"
dependencies = [
 "enum_derive 0.1.7 (registry+https://github.com/rust-lang/crates.io-index)",
 "macro-attr 0.2.0 (registry+https://github.com/rust-lang/crates.io-index)",
 "termion 1.4.0 (registry+https://github.com/rust-lang/crates.io-index)",
]

[[package]]
name = "enum_derive"
version = "0.1.7"
source = "registry+https://github.com/rust-lang/crates.io-index"

[[package]]
name = "libc"
version = "0.2.26"
source = "registry+https://github.com/rust-lang/crates.io-index"

[[package]]
name = "macro-attr"
version = "0.2.0"
source = "registry+https://github.com/rust-lang/crates.io-index"

[[package]]
name = "termion"
version = "1.4.0"
source = "registry+https://github.com/rust-lang/crates.io-index"
dependencies = [
 "libc 0.2.26 (registry+https://github.com/rust-lang/crates.io-index)",
]

[metadata]
"checksum enum_derive 0.1.7 (registry+https://github.com/rust-lang/crates.io-index)" = "406ac2a8c9eedf8af9ee1489bee9e50029278a6456c740f7454cf8a158abc816"
"checksum libc 0.2.26 (registry+https://github.com/rust-lang/crates.io-index)" = "30885bcb161cf67054244d10d4a7f4835ffd58773bc72e07d35fecf472295503"
"checksum macro-attr 0.2.0 (registry+https://github.com/rust-lang/crates.io-index)" = "00e51c6f0e2bf862b01b3d784fc32b02feb248a69062c51fb0b6d14cd526cc2a"
"checksum termion 1.4.0 (registry+https://github.com/rust-lang/crates.io-index)" = "9105678ba52491a8e38e67be7842435ac44d7797b9b05bcdad370b0c84559615"
